
Microsoft Visual Studio Solution File, Format Version 12.00
# Visual Studio Version 17
VisualStudioVersion = 17.0.31903.59
MinimumVisualStudioVersion = 10.0.40219.1
Project("{2150E333-8FDC-42A3-9474-1A3956D46DE8}") = "src", "src", "{076B663B-499C-4633-B8A4-4B562EC7F5D6}"
EndProject
Project("{2150E333-8FDC-42A3-9474-1A3956D46DE8}") = "tests", "tests", "{3CDFAAF7-9D1C-41E2-97DD-94AD6D233BA6}"
EndProject
Project("{FAE04EC0-301F-11D3-BF4B-00C04F79EFBC}") = "GR.Web", "src\GR.Web\GR.Web.csproj", "{81196BE1-CB2D-4F49-9E72-96E21578BF83}"
EndProject
Project("{FAE04EC0-301F-11D3-BF4B-00C04F79EFBC}") = "GR.Domain", "src\GR.Domain\GR.Domain.csproj", "{C2AC34C0-FB80-4D4A-BEF6-89C7E7B61091}"
EndProject
Project("{FAE04EC0-301F-11D3-BF4B-00C04F79EFBC}") = "GR.Application", "src\GR.Application\GR.Application.csproj", "{F34E81B4-7DFD-48CB-A1DB-92B5D264D6C3}"
EndProject
Project("{FAE04EC0-301F-11D3-BF4B-00C04F79EFBC}") = "GR.EntityFrameworkCore", "src\GR.EntityFrameworkCore\GR.EntityFrameworkCore.csproj", "{7443AD6A-215E-4C4A-A505-69AE9AA96914}"
EndProject
Project("{2150E333-8FDC-42A3-9474-1A3956D46DE8}") = "lib", "lib", "{1184CCF4-E5FF-4885-B9C7-8280587195ED}"
EndProject
Project("{9A19103F-16F7-4668-BE54-9A1E7A4F7556}") = "GR.Framework.Repository", "..\GR.Framework\src\GR.Framework.Repository\GR.Framework.Repository.csproj", "{14303956-0BAF-4006-964C-946D3C947687}"
EndProject
Project("{9A19103F-16F7-4668-BE54-9A1E7A4F7556}") = "GR.Framework", "..\GR.Framework\src\GR.Framework\GR.Framework.csproj", "{FB155C53-11FE-408B-8973-65E6D9CD0ACE}"
EndProject
Project("{FAE04EC0-301F-11D3-BF4B-00C04F79EFBC}") = "GR.Repository.EfCore", "..\GR.Framework\src\GR.Repository.EfCore\GR.Repository.EfCore.csproj", "{EF1FCF5B-ACD9-411E-87FA-08FD265DEE9E}"
EndProject
Project("{FAE04EC0-301F-11D3-BF4B-00C04F79EFBC}") = "GR.Repository.EfCore.MySql", "..\GR.Framework\src\GR.Repository.EfCore.MySql\GR.Repository.EfCore.MySql.csproj", "{B4BB64EC-8DBD-479C-9409-E2611EF39742}"
EndProject
Project("{FAE04EC0-301F-11D3-BF4B-00C04F79EFBC}") = "GR.Repository.EfCore.SqlServer", "..\GR.Framework\src\GR.Repository.EfCore.SqlServer\GR.Repository.EfCore.SqlServer.csproj", "{49200136-A825-413D-B56A-6D60AF142E80}"
EndProject
Project("{FAE04EC0-301F-11D3-BF4B-00C04F79EFBC}") = "GR.Repository.EfCore.Abstractions", "..\GR.Framework\src\GR.Repository.EfCore.Abstractions\GR.Repository.EfCore.Abstractions.csproj", "{F5BEECA6-DCB5-4DA7-A34A-F64D153B25C7}"
EndProject
Global
	GlobalSection(SolutionConfigurationPlatforms) = preSolution
		Debug|Any CPU = Debug|Any CPU
		Release|Any CPU = Release|Any CPU
	EndGlobalSection
	GlobalSection(ProjectConfigurationPlatforms) = postSolution
		{81196BE1-CB2D-4F49-9E72-96E21578BF83}.Debug|Any CPU.ActiveCfg = Debug|Any CPU
		{81196BE1-CB2D-4F49-9E72-96E21578BF83}.Debug|Any CPU.Build.0 = Debug|Any CPU
		{81196BE1-CB2D-4F49-9E72-96E21578BF83}.Release|Any CPU.ActiveCfg = Release|Any CPU
		{81196BE1-CB2D-4F49-9E72-96E21578BF83}.Release|Any CPU.Build.0 = Release|Any CPU
		{C2AC34C0-FB80-4D4A-BEF6-89C7E7B61091}.Debug|Any CPU.ActiveCfg = Debug|Any CPU
		{C2AC34C0-FB80-4D4A-BEF6-89C7E7B61091}.Debug|Any CPU.Build.0 = Debug|Any CPU
		{C2AC34C0-FB80-4D4A-BEF6-89C7E7B61091}.Release|Any CPU.ActiveCfg = Release|Any CPU
		{C2AC34C0-FB80-4D4A-BEF6-89C7E7B61091}.Release|Any CPU.Build.0 = Release|Any CPU
		{F34E81B4-7DFD-48CB-A1DB-92B5D264D6C3}.Debug|Any CPU.ActiveCfg = Debug|Any CPU
		{F34E81B4-7DFD-48CB-A1DB-92B5D264D6C3}.Debug|Any CPU.Build.0 = Debug|Any CPU
		{F34E81B4-7DFD-48CB-A1DB-92B5D264D6C3}.Release|Any CPU.ActiveCfg = Release|Any CPU
		{F34E81B4-7DFD-48CB-A1DB-92B5D264D6C3}.Release|Any CPU.Build.0 = Release|Any CPU
		{7443AD6A-215E-4C4A-A505-69AE9AA96914}.Debug|Any CPU.ActiveCfg = Debug|Any CPU
		{7443AD6A-215E-4C4A-A505-69AE9AA96914}.Debug|Any CPU.Build.0 = Debug|Any CPU
		{7443AD6A-215E-4C4A-A505-69AE9AA96914}.Release|Any CPU.ActiveCfg = Release|Any CPU
		{7443AD6A-215E-4C4A-A505-69AE9AA96914}.Release|Any CPU.Build.0 = Release|Any CPU
		{14303956-0BAF-4006-964C-946D3C947687}.Debug|Any CPU.ActiveCfg = Debug|Any CPU
		{14303956-0BAF-4006-964C-946D3C947687}.Debug|Any CPU.Build.0 = Debug|Any CPU
		{14303956-0BAF-4006-964C-946D3C947687}.Release|Any CPU.ActiveCfg = Release|Any CPU
		{14303956-0BAF-4006-964C-946D3C947687}.Release|Any CPU.Build.0 = Release|Any CPU
		{FB155C53-11FE-408B-8973-65E6D9CD0ACE}.Debug|Any CPU.ActiveCfg = Debug|Any CPU
		{FB155C53-11FE-408B-8973-65E6D9CD0ACE}.Debug|Any CPU.Build.0 = Debug|Any CPU
		{FB155C53-11FE-408B-8973-65E6D9CD0ACE}.Release|Any CPU.ActiveCfg = Release|Any CPU
		{FB155C53-11FE-408B-8973-65E6D9CD0ACE}.Release|Any CPU.Build.0 = Release|Any CPU
		{EF1FCF5B-ACD9-411E-87FA-08FD265DEE9E}.Debug|Any CPU.ActiveCfg = Debug|Any CPU
		{EF1FCF5B-ACD9-411E-87FA-08FD265DEE9E}.Debug|Any CPU.Build.0 = Debug|Any CPU
		{EF1FCF5B-ACD9-411E-87FA-08FD265DEE9E}.Release|Any CPU.ActiveCfg = Release|Any CPU
		{EF1FCF5B-ACD9-411E-87FA-08FD265DEE9E}.Release|Any CPU.Build.0 = Release|Any CPU
		{B4BB64EC-8DBD-479C-9409-E2611EF39742}.Debug|Any CPU.ActiveCfg = Debug|Any CPU
		{B4BB64EC-8DBD-479C-9409-E2611EF39742}.Debug|Any CPU.Build.0 = Debug|Any CPU
		{B4BB64EC-8DBD-479C-9409-E2611EF39742}.Release|Any CPU.ActiveCfg = Release|Any CPU
		{B4BB64EC-8DBD-479C-9409-E2611EF39742}.Release|Any CPU.Build.0 = Release|Any CPU
		{49200136-A825-413D-B56A-6D60AF142E80}.Debug|Any CPU.ActiveCfg = Debug|Any CPU
		{49200136-A825-413D-B56A-6D60AF142E80}.Debug|Any CPU.Build.0 = Debug|Any CPU
		{49200136-A825-413D-B56A-6D60AF142E80}.Release|Any CPU.ActiveCfg = Release|Any CPU
		{49200136-A825-413D-B56A-6D60AF142E80}.Release|Any CPU.Build.0 = Release|Any CPU
		{F5BEECA6-DCB5-4DA7-A34A-F64D153B25C7}.Debug|Any CPU.ActiveCfg = Debug|Any CPU
		{F5BEECA6-DCB5-4DA7-A34A-F64D153B25C7}.Debug|Any CPU.Build.0 = Debug|Any CPU
		{F5BEECA6-DCB5-4DA7-A34A-F64D153B25C7}.Release|Any CPU.ActiveCfg = Release|Any CPU
		{F5BEECA6-DCB5-4DA7-A34A-F64D153B25C7}.Release|Any CPU.Build.0 = Release|Any CPU
	EndGlobalSection
	GlobalSection(SolutionProperties) = preSolution
		HideSolutionNode = FALSE
	EndGlobalSection
	GlobalSection(NestedProjects) = preSolution
		{81196BE1-CB2D-4F49-9E72-96E21578BF83} = {076B663B-499C-4633-B8A4-4B562EC7F5D6}
		{C2AC34C0-FB80-4D4A-BEF6-89C7E7B61091} = {076B663B-499C-4633-B8A4-4B562EC7F5D6}
		{F34E81B4-7DFD-48CB-A1DB-92B5D264D6C3} = {076B663B-499C-4633-B8A4-4B562EC7F5D6}
		{7443AD6A-215E-4C4A-A505-69AE9AA96914} = {076B663B-499C-4633-B8A4-4B562EC7F5D6}
		{14303956-0BAF-4006-964C-946D3C947687} = {1184CCF4-E5FF-4885-B9C7-8280587195ED}
		{FB155C53-11FE-408B-8973-65E6D9CD0ACE} = {1184CCF4-E5FF-4885-B9C7-8280587195ED}
		{EF1FCF5B-ACD9-411E-87FA-08FD265DEE9E} = {1184CCF4-E5FF-4885-B9C7-8280587195ED}
		{B4BB64EC-8DBD-479C-9409-E2611EF39742} = {1184CCF4-E5FF-4885-B9C7-8280587195ED}
		{49200136-A825-413D-B56A-6D60AF142E80} = {1184CCF4-E5FF-4885-B9C7-8280587195ED}
		{F5BEECA6-DCB5-4DA7-A34A-F64D153B25C7} = {1184CCF4-E5FF-4885-B9C7-8280587195ED}
	EndGlobalSection
	GlobalSection(ExtensibilityGlobals) = postSolution
		SolutionGuid = {022F6483-A8AD-48D7-A9E4-6FE94F62D100}
	EndGlobalSection
EndGlobal
